speakeasyVersion: 1.325.0
sources:
    json-development:
        sourceNamespace: json-development
        sourceRevisionDigest: sha256:c4ed45234d855bbaeb5ca273abb134796665ee8d5043f89733c17dd07639cba5
        sourceBlobDigest: sha256:267e4b0a02d0ffbc44d993731e21e8191bc7b05e7d553c92b5633fadfaf268b0
        tags:
            - latest
            - main
targets:
    my-first-target:
        source: json-development
        sourceNamespace: json-development
        sourceRevisionDigest: sha256:c4ed45234d855bbaeb5ca273abb134796665ee8d5043f89733c17dd07639cba5
        sourceBlobDigest: sha256:267e4b0a02d0ffbc44d993731e21e8191bc7b05e7d553c92b5633fadfaf268b0
        codeSamplesNamespace: code-samples-typescript
        codeSamplesRevisionDigest: sha256:a3289e7f232d4a7af053b1f0e86d961ea394ce6d9d49f3b8c81c338dcb003fab
        outLocation: /github/workspace/repo
workflow:
    workflowVersion: 1.0.0
    speakeasyVersion: latest
    sources:
        json-development:
            inputs:
                - location: http://api.novu.co/openapi.sdk.json
            overlays:
                - location: ./sources/cleanup-overlay.yaml
            output: sources/json-development.json
            registry:
                location: registry.speakeasyapi.dev/novu/novu/json-development
    targets:
        my-first-target:
            target: typescript
            source: json-development
            publish:
                npm:
                    token: $npm_token
            codeSamples:
                output: sources/code-samples.yaml
                registry:
                    location: registry.speakeasyapi.dev/novu/novu/code-samples-typescript
